
Microsoft Visual Studio Solution File, Format Version 12.00
# Visual Studio Version 17
VisualStudioVersion = 17.13.35825.156 d17.13
MinimumVisualStudioVersion = 10.0.40219.1
Project("{FAE04EC0-301F-11D3-BF4B-00C04F79EFBC}") = "CadastroBanco", "CadastroBanco\CadastroBanco.csproj", "{731ABBFE-A0C9-4773-83A6-714F8D5153E9}"
EndProject
Global
	GlobalSection(SolutionConfigurationPlatforms) = preSolution
		Debug|Any CPU = Debug|Any CPU
		Release|Any CPU = Release|Any CPU
	EndGlobalSection
	GlobalSection(ProjectConfigurationPlatforms) = postSolution
		{731ABBFE-A0C9-4773-83A6-714F8D5153E9}.Debug|Any CPU.ActiveCfg = Debug|Any CPU
		{731ABBFE-A0C9-4773-83A6-714F8D5153E9}.Debug|Any CPU.Build.0 = Debug|Any CPU
		{731ABBFE-A0C9-4773-83A6-714F8D5153E9}.Release|Any CPU.ActiveCfg = Release|Any CPU
		{731ABBFE-A0C9-4773-83A6-714F8D5153E9}.Release|Any CPU.Build.0 = Release|Any CPU
	EndGlobalSection
	GlobalSection(SolutionProperties) = preSolution
		HideSolutionNode = FALSE
	EndGlobalSection
	GlobalSection(ExtensibilityGlobals) = postSolution
		SolutionGuid = {437F239C-CC4A-4BFD-9798-42B0AF6E12A7}
	EndGlobalSection
EndGlobal
