
Microsoft Visual Studio Solution File, Format Version 12.00
# Visual Studio Version 17
VisualStudioVersion = 17.13.35825.156 d17.13
MinimumVisualStudioVersion = 10.0.40219.1
Project("{FAE04EC0-301F-11D3-BF4B-00C04F79EFBC}") = "Listas", "Listas\Listas.csproj", "{BB690549-9C1C-496A-80DC-E0772121000D}"
EndProject
Global
	GlobalSection(SolutionConfigurationPlatforms) = preSolution
		Debug|Any CPU = Debug|Any CPU
		Release|Any CPU = Release|Any CPU
	EndGlobalSection
	GlobalSection(ProjectConfigurationPlatforms) = postSolution
		{BB690549-9C1C-496A-80DC-E0772121000D}.Debug|Any CPU.ActiveCfg = Debug|Any CPU
		{BB690549-9C1C-496A-80DC-E0772121000D}.Debug|Any CPU.Build.0 = Debug|Any CPU
		{BB690549-9C1C-496A-80DC-E0772121000D}.Release|Any CPU.ActiveCfg = Release|Any CPU
		{BB690549-9C1C-496A-80DC-E0772121000D}.Release|Any CPU.Build.0 = Release|Any CPU
	EndGlobalSection
	GlobalSection(SolutionProperties) = preSolution
		HideSolutionNode = FALSE
	EndGlobalSection
	GlobalSection(ExtensibilityGlobals) = postSolution
		SolutionGuid = {AD8DEE2B-88F4-4443-91F2-798F29A094FB}
	EndGlobalSection
EndGlobal
