
Microsoft Visual Studio Solution File, Format Version 12.00
# Visual Studio Version 17
VisualStudioVersion = 17.13.35825.156 d17.13
MinimumVisualStudioVersion = 10.0.40219.1
Project("{FAE04EC0-301F-11D3-BF4B-00C04F79EFBC}") = "Box_Boxing", "Box_Boxing\Box_Boxing.csproj", "{00A47257-4511-4B63-866F-82C13D8CECF0}"
EndProject
Global
	GlobalSection(SolutionConfigurationPlatforms) = preSolution
		Debug|Any CPU = Debug|Any CPU
		Release|Any CPU = Release|Any CPU
	EndGlobalSection
	GlobalSection(ProjectConfigurationPlatforms) = postSolution
		{00A47257-4511-4B63-866F-82C13D8CECF0}.Debug|Any CPU.ActiveCfg = Debug|Any CPU
		{00A47257-4511-4B63-866F-82C13D8CECF0}.Debug|Any CPU.Build.0 = Debug|Any CPU
		{00A47257-4511-4B63-866F-82C13D8CECF0}.Release|Any CPU.ActiveCfg = Release|Any CPU
		{00A47257-4511-4B63-866F-82C13D8CECF0}.Release|Any CPU.Build.0 = Release|Any CPU
	EndGlobalSection
	GlobalSection(SolutionProperties) = preSolution
		HideSolutionNode = FALSE
	EndGlobalSection
	GlobalSection(ExtensibilityGlobals) = postSolution
		SolutionGuid = {B725A502-47D9-4AC6-9CC4-D70D500B277F}
	EndGlobalSection
EndGlobal
