
Microsoft Visual Studio Solution File, Format Version 12.00
# Visual Studio Version 17
VisualStudioVersion = 17.13.35825.156 d17.13
MinimumVisualStudioVersion = 10.0.40219.1
Project("{FAE04EC0-301F-11D3-BF4B-00C04F79EFBC}") = "CotacaoDolar", "CotacaoDolar\CotacaoDolar.csproj", "{AB45C041-BEFB-40CB-A209-BEDCFB70D94B}"
EndProject
Global
	GlobalSection(SolutionConfigurationPlatforms) = preSolution
		Debug|Any CPU = Debug|Any CPU
		Release|Any CPU = Release|Any CPU
	EndGlobalSection
	GlobalSection(ProjectConfigurationPlatforms) = postSolution
		{AB45C041-BEFB-40CB-A209-BEDCFB70D94B}.Debug|Any CPU.ActiveCfg = Debug|Any CPU
		{AB45C041-BEFB-40CB-A209-BEDCFB70D94B}.Debug|Any CPU.Build.0 = Debug|Any CPU
		{AB45C041-BEFB-40CB-A209-BEDCFB70D94B}.Release|Any CPU.ActiveCfg = Release|Any CPU
		{AB45C041-BEFB-40CB-A209-BEDCFB70D94B}.Release|Any CPU.Build.0 = Release|Any CPU
	EndGlobalSection
	GlobalSection(SolutionProperties) = preSolution
		HideSolutionNode = FALSE
	EndGlobalSection
	GlobalSection(ExtensibilityGlobals) = postSolution
		SolutionGuid = {89284A08-1320-49FD-894A-628D85BF2165}
	EndGlobalSection
EndGlobal
