
Microsoft Visual Studio Solution File, Format Version 12.00
# Visual Studio Version 17
VisualStudioVersion = 17.13.35825.156 d17.13
MinimumVisualStudioVersion = 10.0.40219.1
Project("{FAE04EC0-301F-11D3-BF4B-00C04F79EFBC}") = "AutoProperties", "AutoProperties\AutoProperties.csproj", "{1F236779-8B2F-400B-ACF3-FEF30A7139BE}"
EndProject
Global
	GlobalSection(SolutionConfigurationPlatforms) = preSolution
		Debug|Any CPU = Debug|Any CPU
		Release|Any CPU = Release|Any CPU
	EndGlobalSection
	GlobalSection(ProjectConfigurationPlatforms) = postSolution
		{1F236779-8B2F-400B-ACF3-FEF30A7139BE}.Debug|Any CPU.ActiveCfg = Debug|Any CPU
		{1F236779-8B2F-400B-ACF3-FEF30A7139BE}.Debug|Any CPU.Build.0 = Debug|Any CPU
		{1F236779-8B2F-400B-ACF3-FEF30A7139BE}.Release|Any CPU.ActiveCfg = Release|Any CPU
		{1F236779-8B2F-400B-ACF3-FEF30A7139BE}.Release|Any CPU.Build.0 = Release|Any CPU
	EndGlobalSection
	GlobalSection(SolutionProperties) = preSolution
		HideSolutionNode = FALSE
	EndGlobalSection
	GlobalSection(ExtensibilityGlobals) = postSolution
		SolutionGuid = {D99BA6D9-B871-4201-9FC8-DEDDA1DF96A2}
	EndGlobalSection
EndGlobal
