
Microsoft Visual Studio Solution File, Format Version 12.00
# Visual Studio Version 17
VisualStudioVersion = 17.13.35825.156 d17.13
MinimumVisualStudioVersion = 10.0.40219.1
Project("{FAE04EC0-301F-11D3-BF4B-00C04F79EFBC}") = "ConsoleTest", "ConsoleTest\ConsoleTest.csproj", "{2D0547E6-8A03-44C0-96E9-24EF0236F30D}"
EndProject
Global
	GlobalSection(SolutionConfigurationPlatforms) = preSolution
		Debug|Any CPU = Debug|Any CPU
		Release|Any CPU = Release|Any CPU
	EndGlobalSection
	GlobalSection(ProjectConfigurationPlatforms) = postSolution
		{2D0547E6-8A03-44C0-96E9-24EF0236F30D}.Debug|Any CPU.ActiveCfg = Debug|Any CPU
		{2D0547E6-8A03-44C0-96E9-24EF0236F30D}.Debug|Any CPU.Build.0 = Debug|Any CPU
		{2D0547E6-8A03-44C0-96E9-24EF0236F30D}.Release|Any CPU.ActiveCfg = Release|Any CPU
		{2D0547E6-8A03-44C0-96E9-24EF0236F30D}.Release|Any CPU.Build.0 = Release|Any CPU
	EndGlobalSection
	GlobalSection(SolutionProperties) = preSolution
		HideSolutionNode = FALSE
	EndGlobalSection
	GlobalSection(ExtensibilityGlobals) = postSolution
		SolutionGuid = {4BDAA22D-88C1-4209-B898-767CCB5B4A4B}
	EndGlobalSection
EndGlobal
