
Microsoft Visual Studio Solution File, Format Version 12.00
# Visual Studio Version 17
VisualStudioVersion = 17.13.35825.156 d17.13
MinimumVisualStudioVersion = 10.0.40219.1
Project("{FAE04EC0-301F-11D3-BF4B-00C04F79EFBC}") = "Properties", "Properties\Properties.csproj", "{B653E9E1-59E2-4CFE-86BB-13B49A0B9CE9}"
EndProject
Global
	GlobalSection(SolutionConfigurationPlatforms) = preSolution
		Debug|Any CPU = Debug|Any CPU
		Release|Any CPU = Release|Any CPU
	EndGlobalSection
	GlobalSection(ProjectConfigurationPlatforms) = postSolution
		{B653E9E1-59E2-4CFE-86BB-13B49A0B9CE9}.Debug|Any CPU.ActiveCfg = Debug|Any CPU
		{B653E9E1-59E2-4CFE-86BB-13B49A0B9CE9}.Debug|Any CPU.Build.0 = Debug|Any CPU
		{B653E9E1-59E2-4CFE-86BB-13B49A0B9CE9}.Release|Any CPU.ActiveCfg = Release|Any CPU
		{B653E9E1-59E2-4CFE-86BB-13B49A0B9CE9}.Release|Any CPU.Build.0 = Release|Any CPU
	EndGlobalSection
	GlobalSection(SolutionProperties) = preSolution
		HideSolutionNode = FALSE
	EndGlobalSection
	GlobalSection(ExtensibilityGlobals) = postSolution
		SolutionGuid = {924E9157-C5FC-4F0C-8991-D9FDCFBB6CE3}
	EndGlobalSection
EndGlobal
