
Microsoft Visual Studio Solution File, Format Version 12.00
# Visual Studio Version 17
VisualStudioVersion = 17.13.35825.156 d17.13
MinimumVisualStudioVersion = 10.0.40219.1
Project("{FAE04EC0-301F-11D3-BF4B-00C04F79EFBC}") = "Nullable", "Strutuct\Nullable.csproj", "{B6C7AC1E-15F7-4967-964E-99A6A8ABA9CA}"
EndProject
Global
	GlobalSection(SolutionConfigurationPlatforms) = preSolution
		Debug|Any CPU = Debug|Any CPU
		Release|Any CPU = Release|Any CPU
	EndGlobalSection
	GlobalSection(ProjectConfigurationPlatforms) = postSolution
		{B6C7AC1E-15F7-4967-964E-99A6A8ABA9CA}.Debug|Any CPU.ActiveCfg = Debug|Any CPU
		{B6C7AC1E-15F7-4967-964E-99A6A8ABA9CA}.Debug|Any CPU.Build.0 = Debug|Any CPU
		{B6C7AC1E-15F7-4967-964E-99A6A8ABA9CA}.Release|Any CPU.ActiveCfg = Release|Any CPU
		{B6C7AC1E-15F7-4967-964E-99A6A8ABA9CA}.Release|Any CPU.Build.0 = Release|Any CPU
	EndGlobalSection
	GlobalSection(SolutionProperties) = preSolution
		HideSolutionNode = FALSE
	EndGlobalSection
	GlobalSection(ExtensibilityGlobals) = postSolution
		SolutionGuid = {F4741C40-AF20-4C19-A981-C75E8DBF5F8F}
	EndGlobalSection
EndGlobal
