
Microsoft Visual Studio Solution File, Format Version 12.00
# Visual Studio Version 17
VisualStudioVersion = 17.13.35825.156 d17.13
MinimumVisualStudioVersion = 10.0.40219.1
Project("{FAE04EC0-301F-11D3-BF4B-00C04F79EFBC}") = "MatrizExemplo", "MatrizExemplo\MatrizExemplo.csproj", "{4C4FDEFE-3C9F-405F-B007-48920BCE12C8}"
EndProject
Global
	GlobalSection(SolutionConfigurationPlatforms) = preSolution
		Debug|Any CPU = Debug|Any CPU
		Release|Any CPU = Release|Any CPU
	EndGlobalSection
	GlobalSection(ProjectConfigurationPlatforms) = postSolution
		{4C4FDEFE-3C9F-405F-B007-48920BCE12C8}.Debug|Any CPU.ActiveCfg = Debug|Any CPU
		{4C4FDEFE-3C9F-405F-B007-48920BCE12C8}.Debug|Any CPU.Build.0 = Debug|Any CPU
		{4C4FDEFE-3C9F-405F-B007-48920BCE12C8}.Release|Any CPU.ActiveCfg = Release|Any CPU
		{4C4FDEFE-3C9F-405F-B007-48920BCE12C8}.Release|Any CPU.Build.0 = Release|Any CPU
	EndGlobalSection
	GlobalSection(SolutionProperties) = preSolution
		HideSolutionNode = FALSE
	EndGlobalSection
	GlobalSection(ExtensibilityGlobals) = postSolution
		SolutionGuid = {3AB73083-0B26-4A98-8DC2-9CD8927A562C}
	EndGlobalSection
EndGlobal
