
Microsoft Visual Studio Solution File, Format Version 12.00
# Visual Studio Version 17
VisualStudioVersion = 17.13.35825.156 d17.13
MinimumVisualStudioVersion = 10.0.40219.1
Project("{FAE04EC0-301F-11D3-BF4B-00C04F79EFBC}") = "ProdutosEmEstoque", "ProdutosEmEstoque\ProdutosEmEstoque.csproj", "{D307F5C6-DF9B-4C0A-AE80-99F49C3E6382}"
EndProject
Global
	GlobalSection(SolutionConfigurationPlatforms) = preSolution
		Debug|Any CPU = Debug|Any CPU
		Release|Any CPU = Release|Any CPU
	EndGlobalSection
	GlobalSection(ProjectConfigurationPlatforms) = postSolution
		{D307F5C6-DF9B-4C0A-AE80-99F49C3E6382}.Debug|Any CPU.ActiveCfg = Debug|Any CPU
		{D307F5C6-DF9B-4C0A-AE80-99F49C3E6382}.Debug|Any CPU.Build.0 = Debug|Any CPU
		{D307F5C6-DF9B-4C0A-AE80-99F49C3E6382}.Release|Any CPU.ActiveCfg = Release|Any CPU
		{D307F5C6-DF9B-4C0A-AE80-99F49C3E6382}.Release|Any CPU.Build.0 = Release|Any CPU
	EndGlobalSection
	GlobalSection(SolutionProperties) = preSolution
		HideSolutionNode = FALSE
	EndGlobalSection
	GlobalSection(ExtensibilityGlobals) = postSolution
		SolutionGuid = {0B0ED779-0A72-4978-8ACE-96AD37B8CFE4}
	EndGlobalSection
EndGlobal
