
Microsoft Visual Studio Solution File, Format Version 12.00
# Visual Studio Version 17
VisualStudioVersion = 17.13.35825.156 d17.13
MinimumVisualStudioVersion = 10.0.40219.1
Project("{FAE04EC0-301F-11D3-BF4B-00C04F79EFBC}") = "ModificadorOut", "ModificadorOut\ModificadorOut.csproj", "{FC7B78D1-C080-4A05-B1BF-9F904264F8B6}"
EndProject
Global
	GlobalSection(SolutionConfigurationPlatforms) = preSolution
		Debug|Any CPU = Debug|Any CPU
		Release|Any CPU = Release|Any CPU
	EndGlobalSection
	GlobalSection(ProjectConfigurationPlatforms) = postSolution
		{FC7B78D1-C080-4A05-B1BF-9F904264F8B6}.Debug|Any CPU.ActiveCfg = Debug|Any CPU
		{FC7B78D1-C080-4A05-B1BF-9F904264F8B6}.Debug|Any CPU.Build.0 = Debug|Any CPU
		{FC7B78D1-C080-4A05-B1BF-9F904264F8B6}.Release|Any CPU.ActiveCfg = Release|Any CPU
		{FC7B78D1-C080-4A05-B1BF-9F904264F8B6}.Release|Any CPU.Build.0 = Release|Any CPU
	EndGlobalSection
	GlobalSection(SolutionProperties) = preSolution
		HideSolutionNode = FALSE
	EndGlobalSection
	GlobalSection(ExtensibilityGlobals) = postSolution
		SolutionGuid = {9B878DAC-35A9-41E7-99FA-FF2B572457F1}
	EndGlobalSection
EndGlobal
